// !$*UTF8*$!
{
	archiveVersion = 1;
	classes = {
	};
	objectVersion = 50;
	objects = {

/* Begin PBXBuildFile section */
		DF87EAC620FC923F0031E631 /* AppDelegate.swift in Sources */ = {isa = PBXBuildFile; fileRef = DF87EAC520FC923F0031E631 /* AppDelegate.swift */; };
		DF87EAC820FC923F0031E631 /* ViewController.swift in Sources */ = {isa = PBXBuildFile; fileRef = DF87EAC720FC923F0031E631 /* ViewController.swift */; };
		DF87EACB20FC923F0031E631 /* Main.storyboard in Resources */ = {isa = PBXBuildFile; fileRef = DF87EAC920FC923F0031E631 /* Main.storyboard */; };
		DF87EACD20FC92400031E631 /* Assets.xcassets in Resources */ = {isa = PBXBuildFile; fileRef = DF87EACC20FC92400031E631 /* Assets.xcassets */; };
		DF87EAD020FC92400031E631 /* LaunchScreen.storyboard in Resources */ = {isa = PBXBuildFile; fileRef = DF87EACE20FC92400031E631 /* LaunchScreen.storyboard */; };
		DF87EAD820FC93F40031E631 /* PhotoPicker.swift in Sources */ = {isa = PBXBuildFile; fileRef = DF87EAD720FC93F40031E631 /* PhotoPicker.swift */; };
		DF87EADA20FC94B50031E631 /* LivePhotoPicker.swift in Sources */ = {isa = PBXBuildFile; fileRef = DF87EAD920FC94B50031E631 /* LivePhotoPicker.swift */; };
		DF87EADD20FC95CE0031E631 /* Commons.swift in Sources */ = {isa = PBXBuildFile; fileRef = DF87EADC20FC95CE0031E631 /* Commons.swift */; };
		DF87EADF20FC9AA60031E631 /* PhotoPickerView.swift in Sources */ = {isa = PBXBuildFile; fileRef = DF87EADE20FC9AA60031E631 /* PhotoPickerView.swift */; };
		DF87EAE120FCA0560031E631 /* AssetCell.swift in Sources */ = {isa = PBXBuildFile; fileRef = DF87EAE020FCA0560031E631 /* AssetCell.swift */; };
/* End PBXBuildFile section */

/* Begin PBXFileReference section */
		DF87EAC220FC923F0031E631 /* LiveGIF.app */ = {isa = PBXFileReference; explicitFileType = wrapper.application; includeInIndex = 0; path = LiveGIF.app; sourceTree = BUILT_PRODUCTS_DIR; };
		DF87EAC520FC923F0031E631 /* AppDelegate.swift */ = {isa = PBXFileReference; lastKnownFileType = sourcecode.swift; path = AppDelegate.swift; sourceTree = "<group>"; };
		DF87EAC720FC923F0031E631 /* ViewController.swift */ = {isa = PBXFileReference; lastKnownFileType = sourcecode.swift; path = ViewController.swift; sourceTree = "<group>"; };
		DF87EACA20FC923F0031E631 /* Base */ = {isa = PBXFileReference; lastKnownFileType = file.storyboard; name = Base; path = Base.lproj/Main.storyboard; sourceTree = "<group>"; };
		DF87EACC20FC92400031E631 /* Assets.xcassets */ = {isa = PBXFileReference; lastKnownFileType = folder.assetcatalog; path = Assets.xcassets; sourceTree = "<group>"; };
		DF87EACF20FC92400031E631 /* Base */ = {isa = PBXFileReference; lastKnownFileType = file.storyboard; name = Base; path = Base.lproj/LaunchScreen.storyboard; sourceTree = "<group>"; };
		DF87EAD120FC92400031E631 /* Info.plist */ = {isa = PBXFileReference; lastKnownFileType = text.plist.xml; path = Info.plist; sourceTree = "<group>"; };
		DF87EAD720FC93F40031E631 /* PhotoPicker.swift */ = {isa = PBXFileReference; lastKnownFileType = sourcecode.swift; path = PhotoPicker.swift; sourceTree = "<group>"; };
		DF87EAD920FC94B50031E631 /* LivePhotoPicker.swift */ = {isa = PBXFileReference; lastKnownFileType = sourcecode.swift; path = LivePhotoPicker.swift; sourceTree = "<group>"; };
		DF87EADC20FC95CE0031E631 /* Commons.swift */ = {isa = PBXFileReference; lastKnownFileType = sourcecode.swift; path = Commons.swift; sourceTree = "<group>"; };
		DF87EADE20FC9AA60031E631 /* PhotoPickerView.swift */ = {isa = PBXFileReference; lastKnownFileType = sourcecode.swift; path = PhotoPickerView.swift; sourceTree = "<group>"; };
		DF87EAE020FCA0560031E631 /* AssetCell.swift */ = {isa = PBXFileReference; lastKnownFileType = sourcecode.swift; path = AssetCell.swift; sourceTree = "<group>"; };
/* End PBXFileReference section */

/* Begin PBXFrameworksBuildPhase section */
		DF87EABF20FC923F0031E631 /* Frameworks */ = {
			isa = PBXFrameworksBuildPhase;
			buildActionMask = 2147483647;
			files = (
			);
			runOnlyForDeploymentPostprocessing = 0;
		};
/* End PBXFrameworksBuildPhase section */

/* Begin PBXGroup section */
		DF87EAB920FC923F0031E631 = {
			isa = PBXGroup;
			children = (
				DF87EAC420FC923F0031E631 /* LiveGIF */,
				DF87EAC320FC923F0031E631 /* Products */,
			);
			sourceTree = "<group>";
		};
		DF87EAC320FC923F0031E631 /* Products */ = {
			isa = PBXGroup;
			children = (
				DF87EAC220FC923F0031E631 /* LiveGIF.app */,
			);
			name = Products;
			sourceTree = "<group>";
		};
		DF87EAC420FC923F0031E631 /* LiveGIF */ = {
			isa = PBXGroup;
			children = (
				DF87EAC520FC923F0031E631 /* AppDelegate.swift */,
				DF87EAC720FC923F0031E631 /* ViewController.swift */,
				DF87EADC20FC95CE0031E631 /* Commons.swift */,
				DF87EADB20FC94BA0031E631 /* Photo Picker */,
				DF87EAC920FC923F0031E631 /* Main.storyboard */,
				DF87EACC20FC92400031E631 /* Assets.xcassets */,
				DF87EACE20FC92400031E631 /* LaunchScreen.storyboard */,
				DF87EAD120FC92400031E631 /* Info.plist */,
			);
			path = LiveGIF;
			sourceTree = "<group>";
		};
		DF87EADB20FC94BA0031E631 /* Photo Picker */ = {
			isa = PBXGroup;
			children = (
				DF87EAD720FC93F40031E631 /* PhotoPicker.swift */,
				DF87EAD920FC94B50031E631 /* LivePhotoPicker.swift */,
				DF87EAE220FCA05A0031E631 /* View */,
			);
			path = "Photo Picker";
			sourceTree = "<group>";
		};
		DF87EAE220FCA05A0031E631 /* View */ = {
			isa = PBXGroup;
			children = (
				DF87EADE20FC9AA60031E631 /* PhotoPickerView.swift */,
				DF87EAE020FCA0560031E631 /* AssetCell.swift */,
			);
			path = View;
			sourceTree = "<group>";
		};
/* End PBXGroup section */

/* Begin PBXNativeTarget section */
		DF87EAC120FC923F0031E631 /* LiveGIF */ = {
			isa = PBXNativeTarget;
			buildConfigurationList = DF87EAD420FC92400031E631 /* Build configuration list for PBXNativeTarget "LiveGIF" */;
			buildPhases = (
				DF87EABE20FC923F0031E631 /* Sources */,
				DF87EABF20FC923F0031E631 /* Frameworks */,
				DF87EAC020FC923F0031E631 /* Resources */,
			);
			buildRules = (
			);
			dependencies = (
			);
			name = LiveGIF;
			productName = LiveGIF;
			productReference = DF87EAC220FC923F0031E631 /* LiveGIF.app */;
			productType = "com.apple.product-type.application";
		};
/* End PBXNativeTarget section */

/* Begin PBXProject section */
		DF87EABA20FC923F0031E631 /* Project object */ = {
			isa = PBXProject;
			attributes = {
				LastSwiftUpdateCheck = 0940;
				LastUpgradeCheck = 0940;
				ORGANIZATIONNAME = "Egor Kisilev";
				TargetAttributes = {
					DF87EAC120FC923F0031E631 = {
						CreatedOnToolsVersion = 9.4;
					};
				};
			};
			buildConfigurationList = DF87EABD20FC923F0031E631 /* Build configuration list for PBXProject "LiveGIF" */;
			compatibilityVersion = "Xcode 9.3";
			developmentRegion = en;
			hasScannedForEncodings = 0;
			knownRegions = (
				en,
				Base,
			);
			mainGroup = DF87EAB920FC923F0031E631;
			productRefGroup = DF87EAC320FC923F0031E631 /* Products */;
			projectDirPath = "";
			projectRoot = "";
			targets = (
				DF87EAC120FC923F0031E631 /* LiveGIF */,
			);
		};
/* End PBXProject section */

/* Begin PBXResourcesBuildPhase section */
		DF87EAC020FC923F0031E631 /* Resources */ = {
			isa = PBXResourcesBuildPhase;
			buildActionMask = 2147483647;
			files = (
				DF87EAD020FC92400031E631 /* LaunchScreen.storyboard in Resources */,
				DF87EACD20FC92400031E631 /* Assets.xcassets in Resources */,
				DF87EACB20FC923F0031E631 /* Main.storyboard in Resources */,
			);
			runOnlyForDeploymentPostprocessing = 0;
		};
/* End PBXResourcesBuildPhase section */

/* Begin PBXSourcesBuildPhase section */
		DF87EABE20FC923F0031E631 /* Sources */ = {
			isa = PBXSourcesBuildPhase;
			buildActionMask = 2147483647;
			files = (
				DF87EAE120FCA0560031E631 /* AssetCell.swift in Sources */,
				DF87EADA20FC94B50031E631 /* LivePhotoPicker.swift in Sources */,
				DF87EADF20FC9AA60031E631 /* PhotoPickerView.swift in Sources */,
				DF87EAC820FC923F0031E631 /* ViewController.swift in Sources */,
				DF87EADD20FC95CE0031E631 /* Commons.swift in Sources */,
				DF87EAC620FC923F0031E631 /* AppDelegate.swift in Sources */,
				DF87EAD820FC93F40031E631 /* PhotoPicker.swift in Sources */,
			);
			runOnlyForDeploymentPostprocessing = 0;
		};
/* End PBXSourcesBuildPhase section */

/* Begin PBXVariantGroup section */
		DF87EAC920FC923F0031E631 /* Main.storyboard */ = {
			isa = PBXVariantGroup;
			children = (
				DF87EACA20FC923F0031E631 /* Base */,
			);
			name = Main.storyboard;
			sourceTree = "<group>";
		};
		DF87EACE20FC92400031E631 /* LaunchScreen.storyboard */ = {
			isa = PBXVariantGroup;
			children = (
				DF87EACF20FC92400031E631 /* Base */,
			);
			name = LaunchScreen.storyboard;
			sourceTree = "<group>";
		};
/* End PBXVariantGroup section */

/* Begin XCBuildConfiguration section */
		DF87EAD220FC92400031E631 /* Debug */ = {
			isa = XCBuildConfiguration;
			buildSettings = {
				ALWAYS_SEARCH_USER_PATHS = NO;
				CLANG_ANALYZER_NONNULL = YES;
				CLANG_ANALYZER_NUMBER_OBJECT_CONVERSION = YES_AGGRESSIVE;
				CLANG_CXX_LANGUAGE_STANDARD = "gnu++14";
				CLANG_CXX_LIBRARY = "libc++";
				CLANG_ENABLE_MODULES = YES;
				CLANG_ENABLE_OBJC_ARC = YES;
				CLANG_ENABLE_OBJC_WEAK = YES;
				CLANG_WARN_BLOCK_CAPTURE_AUTORELEASING = YES;
				CLANG_WARN_BOOL_CONVERSION = YES;
				CLANG_WARN_COMMA = YES;
				CLANG_WARN_CONSTANT_CONVERSION = YES;
				CLANG_WARN_DEPRECATED_OBJC_IMPLEMENTATIONS = YES;
				CLANG_WARN_DIRECT_OBJC_ISA_USAGE = YES_ERROR;
				CLANG_WARN_DOCUMENTATION_COMMENTS = YES;
				CLANG_WARN_EMPTY_BODY = YES;
				CLANG_WARN_ENUM_CONVERSION = YES;
				CLANG_WARN_INFINITE_RECURSION = YES;
				CLANG_WARN_INT_CONVERSION = YES;
				CLANG_WARN_NON_LITERAL_NULL_CONVERSION = YES;
				CLANG_WARN_OBJC_IMPLICIT_RETAIN_SELF = YES;
				CLANG_WARN_OBJC_LITERAL_CONVERSION = YES;
				CLANG_WARN_OBJC_ROOT_CLASS = YES_ERROR;
				CLANG_WARN_RANGE_LOOP_ANALYSIS = YES;
				CLANG_WARN_STRICT_PROTOTYPES = YES;
				CLANG_WARN_SUSPICIOUS_MOVE = YES;
				CLANG_WARN_UNGUARDED_AVAILABILITY = YES_AGGRESSIVE;
				CLANG_WARN_UNREACHABLE_CODE = YES;
				CLANG_WARN__DUPLICATE_METHOD_MATCH = YES;
				CODE_SIGN_IDENTITY = "iPhone Developer";
				COPY_PHASE_STRIP = NO;
				DEBUG_INFORMATION_FORMAT = dwarf;
				ENABLE_STRICT_OBJC_MSGSEND = YES;
				ENABLE_TESTABILITY = YES;
				GCC_C_LANGUAGE_STANDARD = gnu11;
				GCC_DYNAMIC_NO_PIC = NO;
				GCC_NO_COMMON_BLOCKS = YES;
				GCC_OPTIMIZATION_LEVEL = 0;
				GCC_PREPROCESSOR_DEFINITIONS = (
					"DEBUG=1",
					"$(inherited)",
				);
				GCC_WARN_64_TO_32_BIT_CONVERSION = YES;
				GCC_WARN_ABOUT_RETURN_TYPE = YES_ERROR;
				GCC_WARN_UNDECLARED_SELECTOR = YES;
				GCC_WARN_UNINITIALIZED_AUTOS = YES_AGGRESSIVE;
				GCC_WARN_UNUSED_FUNCTION = YES;
				GCC_WARN_UNUSED_VARIABLE = YES;
				IPHONEOS_DEPLOYMENT_TARGET = 11.4;
				MTL_ENABLE_DEBUG_INFO = YES;
				ONLY_ACTIVE_ARCH = YES;
				SDKROOT = iphoneos;
				SWIFT_ACTIVE_COMPILATION_CONDITIONS = DEBUG;
				SWIFT_OPTIMIZATION_LEVEL = "-Onone";
			};
			name = Debug;
		};
		DF87EAD320FC92400031E631 /* Release */ = {
			isa = XCBuildConfiguration;
			buildSettings = {
				ALWAYS_SEARCH_USER_PATHS = NO;
				CLANG_ANALYZER_NONNULL = YES;
				CLANG_ANALYZER_NUMBER_OBJECT_CONVERSION = YES_AGGRESSIVE;
				CLANG_CXX_LANGUAGE_STANDARD = "gnu++14";
				CLANG_CXX_LIBRARY = "libc++";
				CLANG_ENABLE_MODULES = YES;
				CLANG_ENABLE_OBJC_ARC = YES;
				CLANG_ENABLE_OBJC_WEAK = YES;
				CLANG_WARN_BLOCK_CAPTURE_AUTORELEASING = YES;
				CLANG_WARN_BOOL_CONVERSION = YES;
				CLANG_WARN_COMMA = YES;
				CLANG_WARN_CONSTANT_CONVERSION = YES;
				CLANG_WARN_DEPRECATED_OBJC_IMPLEMENTATIONS = YES;
				CLANG_WARN_DIRECT_OBJC_ISA_USAGE = YES_ERROR;
				CLANG_WARN_DOCUMENTATION_COMMENTS = YES;
				CLANG_WARN_EMPTY_BODY = YES;
				CLANG_WARN_ENUM_CONVERSION = YES;
				CLANG_WARN_INFINITE_RECURSION = YES;
				CLANG_WARN_INT_CONVERSION = YES;
				CLANG_WARN_NON_LITERAL_NULL_CONVERSION = YES;
				CLANG_WARN_OBJC_IMPLICIT_RETAIN_SELF = YES;
				CLANG_WARN_OBJC_LITERAL_CONVERSION = YES;
				CLANG_WARN_OBJC_ROOT_CLASS = YES_ERROR;
				CLANG_WARN_RANGE_LOOP_ANALYSIS = YES;
				CLANG_WARN_STRICT_PROTOTYPES = YES;
				CLANG_WARN_SUSPICIOUS_MOVE = YES;
				CLANG_WARN_UNGUARDED_AVAILABILITY = YES_AGGRESSIVE;
				CLANG_WARN_UNREACHABLE_CODE = YES;
				CLANG_WARN__DUPLICATE_METHOD_MATCH = YES;
				CODE_SIGN_IDENTITY = "iPhone Developer";
				COPY_PHASE_STRIP = NO;
				DEBUG_INFORMATION_FORMAT = "dwarf-with-dsym";
				ENABLE_NS_ASSERTIONS = NO;
				ENABLE_STRICT_OBJC_MSGSEND = YES;
				GCC_C_LANGUAGE_STANDARD = gnu11;
				GCC_NO_COMMON_BLOCKS = YES;
				GCC_WARN_64_TO_32_BIT_CONVERSION = YES;
				GCC_WARN_ABOUT_RETURN_TYPE = YES_ERROR;
				GCC_WARN_UNDECLARED_SELECTOR = YES;
				GCC_WARN_UNINITIALIZED_AUTOS = YES_AGGRESSIVE;
				GCC_WARN_UNUSED_FUNCTION = YES;
				GCC_WARN_UNUSED_VARIABLE = YES;
				IPHONEOS_DEPLOYMENT_TARGET = 11.4;
				MTL_ENABLE_DEBUG_INFO = NO;
				SDKROOT = iphoneos;
				SWIFT_COMPILATION_MODE = wholemodule;
				SWIFT_OPTIMIZATION_LEVEL = "-O";
				VALIDATE_PRODUCT = YES;
			};
			name = Release;
		};
		DF87EAD520FC92400031E631 /* Debug */ = {
			isa = XCBuildConfiguration;
			buildSettings = {
				ASSETCATALOG_COMPILER_APPICON_NAME = AppIcon;
				CODE_SIGN_STYLE = Automatic;
				DEVELOPMENT_TEAM = DD484H6UF4;
				INFOPLIST_FILE = LiveGIF/Info.plist;
				LD_RUNPATH_SEARCH_PATHS = (
					"$(inherited)",
					"@executable_path/Frameworks",
				);
				PRODUCT_BUNDLE_IDENTIFIER = com.ekisilev.LiveGIF;
				PRODUCT_NAME = "$(TARGET_NAME)";
				SWIFT_VERSION = 4.0;
				TARGETED_DEVICE_FAMILY = "1,2";
			};
			name = Debug;
		};
		DF87EAD620FC92400031E631 /* Release */ = {
			isa = XCBuildConfiguration;
			buildSettings = {
				ASSETCATALOG_COMPILER_APPICON_NAME = AppIcon;
				CODE_SIGN_STYLE = Automatic;
				DEVELOPMENT_TEAM = DD484H6UF4;
				INFOPLIST_FILE = LiveGIF/Info.plist;
				LD_RUNPATH_SEARCH_PATHS = (
					"$(inherited)",
					"@executable_path/Frameworks",
				);
				PRODUCT_BUNDLE_IDENTIFIER = com.ekisilev.LiveGIF;
				PRODUCT_NAME = "$(TARGET_NAME)";
				SWIFT_VERSION = 4.0;
				TARGETED_DEVICE_FAMILY = "1,2";
			};
			name = Release;
		};
/* End XCBuildConfiguration section */

/* Begin XCConfigurationList section */
		DF87EABD20FC923F0031E631 /* Build configuration list for PBXProject "LiveGIF" */ = {
			isa = XCConfigurationList;
			buildConfigurations = (
				DF87EAD220FC92400031E631 /* Debug */,
				DF87EAD320FC92400031E631 /* Release */,
			);
			defaultConfigurationIsVisible = 0;
			defaultConfigurationName = Release;
		};
		DF87EAD420FC92400031E631 /* Build configuration list for PBXNativeTarget "LiveGIF" */ = {
			isa = XCConfigurationList;
			buildConfigurations = (
				DF87EAD520FC92400031E631 /* Debug */,
				DF87EAD620FC92400031E631 /* Release */,
			);
			defaultConfigurationIsVisible = 0;
			defaultConfigurationName = Release;
		};
/* End XCConfigurationList section */
	};
	rootObject = DF87EABA20FC923F0031E631 /* Project object */;
}
